
Microsoft Visual Studio Solution File, Format Version 12.00
# Visual Studio Version 17
VisualStudioVersion = 17.11.35327.3
MinimumVisualStudioVersion = 10.0.40219.1
Project("{FAE04EC0-301F-11D3-BF4B-00C04F79EFBC}") = "BTTH_C", "BTTH_C.csproj", "{BC1543ED-0D0B-4940-A0F2-09078A395180}"
EndProject
Global
	GlobalSection(SolutionConfigurationPlatforms) = preSolution
		Debug|Any CPU = Debug|Any CPU
		Release|Any CPU = Release|Any CPU
	EndGlobalSection
	GlobalSection(ProjectConfigurationPlatforms) = postSolution
		{BC1543ED-0D0B-4940-A0F2-09078A395180}.Debug|Any CPU.ActiveCfg = Debug|Any CPU
		{BC1543ED-0D0B-4940-A0F2-09078A395180}.Debug|Any CPU.Build.0 = Debug|Any CPU
		{BC1543ED-0D0B-4940-A0F2-09078A395180}.Release|Any CPU.ActiveCfg = Release|Any CPU
		{BC1543ED-0D0B-4940-A0F2-09078A395180}.Release|Any CPU.Build.0 = Release|Any CPU
	EndGlobalSection
	GlobalSection(SolutionProperties) = preSolution
		HideSolutionNode = FALSE
	EndGlobalSection
	GlobalSection(ExtensibilityGlobals) = postSolution
		SolutionGuid = {F9E41DC4-4449-454D-B986-4AED4B82B2BB}
	EndGlobalSection
EndGlobal
